// !$*UTF8*$!
{
	archiveVersion = 1;
	classes = {
	};
	objectVersion = 56;
	objects = {

/* Begin PBXBuildFile section */
		D325955C2B004FC800A8E774 /* APICredentials.swift in Sources */ = {isa = PBXBuildFile; fileRef = D325955B2B004FC800A8E774 /* APICredentials.swift */; };
		D325955D2B004FC800A8E774 /* APICredentials.swift in Sources */ = {isa = PBXBuildFile; fileRef = D325955B2B004FC800A8E774 /* APICredentials.swift */; };
		D325955E2B004FC800A8E774 /* APICredentials.swift in Sources */ = {isa = PBXBuildFile; fileRef = D325955B2B004FC800A8E774 /* APICredentials.swift */; };
		D329F7962AFAC7E3005FF975 /* tflApp.swift in Sources */ = {isa = PBXBuildFile; fileRef = D329F7952AFAC7E3005FF975 /* tflApp.swift */; };
		D329F7982AFAC7E3005FF975 /* ContentView.swift in Sources */ = {isa = PBXBuildFile; fileRef = D329F7972AFAC7E3005FF975 /* ContentView.swift */; };
		D329F79A2AFAC7E5005FF975 /* Assets.xcassets in Resources */ = {isa = PBXBuildFile; fileRef = D329F7992AFAC7E5005FF975 /* Assets.xcassets */; };
		D329F79D2AFAC7E5005FF975 /* Preview Assets.xcassets in Resources */ = {isa = PBXBuildFile; fileRef = D329F79C2AFAC7E5005FF975 /* Preview Assets.xcassets */; };
		D329F7A72AFAC7E5005FF975 /* tflTests.swift in Sources */ = {isa = PBXBuildFile; fileRef = D329F7A62AFAC7E5005FF975 /* tflTests.swift */; };
		D329F7B32AFAC7E5005FF975 /* UITests.swift in Sources */ = {isa = PBXBuildFile; fileRef = D329F7B22AFAC7E5005FF975 /* UITests.swift */; };
		D329F7C12AFAC8DF005FF975 /* TubeViewModel.swift in Sources */ = {isa = PBXBuildFile; fileRef = D329F7C02AFAC8DF005FF975 /* TubeViewModel.swift */; };
		D329F7C32AFAEEAB005FF975 /* TubeLine.swift in Sources */ = {isa = PBXBuildFile; fileRef = D329F7C22AFAEEAB005FF975 /* TubeLine.swift */; };
		D329F7C62AFBC93D005FF975 /* APIClient.swift in Sources */ = {isa = PBXBuildFile; fileRef = D329F7C52AFBC93D005FF975 /* APIClient.swift */; };
		D329F7C72AFBC93D005FF975 /* APIClient.swift in Sources */ = {isa = PBXBuildFile; fileRef = D329F7C52AFBC93D005FF975 /* APIClient.swift */; };
		D329F7C92AFBF924005FF975 /* APIClientTests.swift in Sources */ = {isa = PBXBuildFile; fileRef = D329F7C82AFBF924005FF975 /* APIClientTests.swift */; };
		D329F7CC2AFC3E89005FF975 /* Color.swift in Sources */ = {isa = PBXBuildFile; fileRef = D329F7CB2AFC3E89005FF975 /* Color.swift */; };
		D329F7CF2AFC463A005FF975 /* TubeList.swift in Sources */ = {isa = PBXBuildFile; fileRef = D329F7CE2AFC463A005FF975 /* TubeList.swift */; };
		D329F7D12AFC466D005FF975 /* TubeRow.swift in Sources */ = {isa = PBXBuildFile; fileRef = D329F7D02AFC466D005FF975 /* TubeRow.swift */; };
		D329F7D32AFD3469005FF975 /* String.swift in Sources */ = {isa = PBXBuildFile; fileRef = D329F7D22AFD3469005FF975 /* String.swift */; };
		D329F7D72AFE7C7D005FF975 /* Disruption.json in Resources */ = {isa = PBXBuildFile; fileRef = D329F7D52AFE7C7D005FF975 /* Disruption.json */; };
		D329F7D82AFE7C7E005FF975 /* Disruption.json in Resources */ = {isa = PBXBuildFile; fileRef = D329F7D52AFE7C7D005FF975 /* Disruption.json */; };
		D329F7D92AFE7C7E005FF975 /* GoodService.json in Resources */ = {isa = PBXBuildFile; fileRef = D329F7D62AFE7C7D005FF975 /* GoodService.json */; };
		D329F7DA2AFE7C7E005FF975 /* GoodService.json in Resources */ = {isa = PBXBuildFile; fileRef = D329F7D62AFE7C7D005FF975 /* GoodService.json */; };
		D390CE732B00F3F500A8EFEE /* README.md in Resources */ = {isa = PBXBuildFile; fileRef = D390CE722B00F3F500A8EFEE /* README.md */; };
/* End PBXBuildFile section */

/* Begin PBXContainerItemProxy section */
		D329F7A32AFAC7E5005FF975 /* PBXContainerItemProxy */ = {
			isa = PBXContainerItemProxy;
			containerPortal = D329F78A2AFAC7E3005FF975 /* Project object */;
			proxyType = 1;
			remoteGlobalIDString = D329F7912AFAC7E3005FF975;
			remoteInfo = tfl;
		};
		D329F7AD2AFAC7E5005FF975 /* PBXContainerItemProxy */ = {
			isa = PBXContainerItemProxy;
			containerPortal = D329F78A2AFAC7E3005FF975 /* Project object */;
			proxyType = 1;
			remoteGlobalIDString = D329F7912AFAC7E3005FF975;
			remoteInfo = tfl;
		};
/* End PBXContainerItemProxy section */

/* Begin PBXFileReference section */
		D325955B2B004FC800A8E774 /* APICredentials.swift */ = {isa = PBXFileReference; lastKnownFileType = sourcecode.swift; path = APICredentials.swift; sourceTree = "<group>"; };
		D329F7922AFAC7E3005FF975 /* tfl.app */ = {isa = PBXFileReference; explicitFileType = wrapper.application; includeInIndex = 0; path = tfl.app; sourceTree = BUILT_PRODUCTS_DIR; };
		D329F7952AFAC7E3005FF975 /* tflApp.swift */ = {isa = PBXFileReference; lastKnownFileType = sourcecode.swift; path = tflApp.swift; sourceTree = "<group>"; };
		D329F7972AFAC7E3005FF975 /* ContentView.swift */ = {isa = PBXFileReference; lastKnownFileType = sourcecode.swift; path = ContentView.swift; sourceTree = "<group>"; };
		D329F7992AFAC7E5005FF975 /* Assets.xcassets */ = {isa = PBXFileReference; lastKnownFileType = folder.assetcatalog; path = Assets.xcassets; sourceTree = "<group>"; };
		D329F79C2AFAC7E5005FF975 /* Preview Assets.xcassets */ = {isa = PBXFileReference; lastKnownFileType = folder.assetcatalog; path = "Preview Assets.xcassets"; sourceTree = "<group>"; };
		D329F7A22AFAC7E5005FF975 /* tflTests.xctest */ = {isa = PBXFileReference; explicitFileType = wrapper.cfbundle; includeInIndex = 0; path = tflTests.xctest; sourceTree = BUILT_PRODUCTS_DIR; };
		D329F7A62AFAC7E5005FF975 /* tflTests.swift */ = {isa = PBXFileReference; lastKnownFileType = sourcecode.swift; path = tflTests.swift; sourceTree = "<group>"; };
		D329F7AC2AFAC7E5005FF975 /* tflUITests.xctest */ = {isa = PBXFileReference; explicitFileType = wrapper.cfbundle; includeInIndex = 0; path = tflUITests.xctest; sourceTree = BUILT_PRODUCTS_DIR; };
		D329F7B22AFAC7E5005FF975 /* UITests.swift */ = {isa = PBXFileReference; lastKnownFileType = sourcecode.swift; path = UITests.swift; sourceTree = "<group>"; };
		D329F7C02AFAC8DF005FF975 /* TubeViewModel.swift */ = {isa = PBXFileReference; lastKnownFileType = sourcecode.swift; path = TubeViewModel.swift; sourceTree = "<group>"; };
		D329F7C22AFAEEAB005FF975 /* TubeLine.swift */ = {isa = PBXFileReference; lastKnownFileType = sourcecode.swift; path = TubeLine.swift; sourceTree = "<group>"; };
		D329F7C52AFBC93D005FF975 /* APIClient.swift */ = {isa = PBXFileReference; lastKnownFileType = sourcecode.swift; path = APIClient.swift; sourceTree = "<group>"; };
		D329F7C82AFBF924005FF975 /* APIClientTests.swift */ = {isa = PBXFileReference; lastKnownFileType = sourcecode.swift; path = APIClientTests.swift; sourceTree = "<group>"; };
		D329F7CB2AFC3E89005FF975 /* Color.swift */ = {isa = PBXFileReference; lastKnownFileType = sourcecode.swift; path = Color.swift; sourceTree = "<group>"; };
		D329F7CE2AFC463A005FF975 /* TubeList.swift */ = {isa = PBXFileReference; lastKnownFileType = sourcecode.swift; path = TubeList.swift; sourceTree = "<group>"; };
		D329F7D02AFC466D005FF975 /* TubeRow.swift */ = {isa = PBXFileReference; lastKnownFileType = sourcecode.swift; path = TubeRow.swift; sourceTree = "<group>"; };
		D329F7D22AFD3469005FF975 /* String.swift */ = {isa = PBXFileReference; lastKnownFileType = sourcecode.swift; path = String.swift; sourceTree = "<group>"; };
		D329F7D52AFE7C7D005FF975 /* Disruption.json */ = {isa = PBXFileReference; fileEncoding = 4; lastKnownFileType = text.json; path = Disruption.json; sourceTree = "<group>"; };
		D329F7D62AFE7C7D005FF975 /* GoodService.json */ = {isa = PBXFileReference; fileEncoding = 4; lastKnownFileType = text.json; path = GoodService.json; sourceTree = "<group>"; };
		D390CE722B00F3F500A8EFEE /* README.md */ = {isa = PBXFileReference; lastKnownFileType = net.daringfireball.markdown; path = README.md; sourceTree = "<group>"; };
/* End PBXFileReference section */

/* Begin PBXFrameworksBuildPhase section */
		D329F78F2AFAC7E3005FF975 /* Frameworks */ = {
			isa = PBXFrameworksBuildPhase;
			buildActionMask = 2147483647;
			files = (
			);
			runOnlyForDeploymentPostprocessing = 0;
		};
		D329F79F2AFAC7E5005FF975 /* Frameworks */ = {
			isa = PBXFrameworksBuildPhase;
			buildActionMask = 2147483647;
			files = (
			);
			runOnlyForDeploymentPostprocessing = 0;
		};
		D329F7A92AFAC7E5005FF975 /* Frameworks */ = {
			isa = PBXFrameworksBuildPhase;
			buildActionMask = 2147483647;
			files = (
			);
			runOnlyForDeploymentPostprocessing = 0;
		};
/* End PBXFrameworksBuildPhase section */

/* Begin PBXGroup section */
		D329F7892AFAC7E3005FF975 = {
			isa = PBXGroup;
			children = (
				D390CE722B00F3F500A8EFEE /* README.md */,
				D329F7942AFAC7E3005FF975 /* tfl */,
				D329F7A52AFAC7E5005FF975 /* tflTests */,
				D329F7AF2AFAC7E5005FF975 /* tflUITests */,
				D329F7932AFAC7E3005FF975 /* Products */,
			);
			sourceTree = "<group>";
		};
		D329F7932AFAC7E3005FF975 /* Products */ = {
			isa = PBXGroup;
			children = (
				D329F7922AFAC7E3005FF975 /* tfl.app */,
				D329F7A22AFAC7E5005FF975 /* tflTests.xctest */,
				D329F7AC2AFAC7E5005FF975 /* tflUITests.xctest */,
			);
			name = Products;
			sourceTree = "<group>";
		};
		D329F7942AFAC7E3005FF975 /* tfl */ = {
			isa = PBXGroup;
			children = (
				D329F7952AFAC7E3005FF975 /* tflApp.swift */,
				D329F7D42AFE583B005FF975 /* TestAPI */,
				D329F7CD2AFC4611005FF975 /* Views */,
				D329F7CA2AFC3E46005FF975 /* Helpers */,
				D329F7C42AFBC8B0005FF975 /* Network */,
				D329F7BF2AFAC852005FF975 /* Model */,
				D329F7992AFAC7E5005FF975 /* Assets.xcassets */,
				D329F79B2AFAC7E5005FF975 /* Preview Content */,
				D325955B2B004FC800A8E774 /* APICredentials.swift */,
			);
			path = tfl;
			sourceTree = "<group>";
		};
		D329F79B2AFAC7E5005FF975 /* Preview Content */ = {
			isa = PBXGroup;
			children = (
				D329F79C2AFAC7E5005FF975 /* Preview Assets.xcassets */,
			);
			path = "Preview Content";
			sourceTree = "<group>";
		};
		D329F7A52AFAC7E5005FF975 /* tflTests */ = {
			isa = PBXGroup;
			children = (
				D329F7A62AFAC7E5005FF975 /* tflTests.swift */,
				D329F7C82AFBF924005FF975 /* APIClientTests.swift */,
			);
			path = tflTests;
			sourceTree = "<group>";
		};
		D329F7AF2AFAC7E5005FF975 /* tflUITests */ = {
			isa = PBXGroup;
			children = (
				D329F7B22AFAC7E5005FF975 /* UITests.swift */,
			);
			path = tflUITests;
			sourceTree = "<group>";
		};
		D329F7BF2AFAC852005FF975 /* Model */ = {
			isa = PBXGroup;
			children = (
				D329F7C02AFAC8DF005FF975 /* TubeViewModel.swift */,
				D329F7C22AFAEEAB005FF975 /* TubeLine.swift */,
			);
			path = Model;
			sourceTree = "<group>";
		};
		D329F7C42AFBC8B0005FF975 /* Network */ = {
			isa = PBXGroup;
			children = (
				D329F7C52AFBC93D005FF975 /* APIClient.swift */,
			);
			path = Network;
			sourceTree = "<group>";
		};
		D329F7CA2AFC3E46005FF975 /* Helpers */ = {
			isa = PBXGroup;
			children = (
				D329F7CB2AFC3E89005FF975 /* Color.swift */,
				D329F7D22AFD3469005FF975 /* String.swift */,
			);
			path = Helpers;
			sourceTree = "<group>";
		};
		D329F7CD2AFC4611005FF975 /* Views */ = {
			isa = PBXGroup;
			children = (
				D329F7972AFAC7E3005FF975 /* ContentView.swift */,
				D329F7CE2AFC463A005FF975 /* TubeList.swift */,
				D329F7D02AFC466D005FF975 /* TubeRow.swift */,
			);
			path = Views;
			sourceTree = "<group>";
		};
		D329F7D42AFE583B005FF975 /* TestAPI */ = {
			isa = PBXGroup;
			children = (
				D329F7D52AFE7C7D005FF975 /* Disruption.json */,
				D329F7D62AFE7C7D005FF975 /* GoodService.json */,
			);
			path = TestAPI;
			sourceTree = "<group>";
		};
/* End PBXGroup section */

/* Begin PBXNativeTarget section */
		D329F7912AFAC7E3005FF975 /* tfl */ = {
			isa = PBXNativeTarget;
			buildConfigurationList = D329F7B62AFAC7E5005FF975 /* Build configuration list for PBXNativeTarget "tfl" */;
			buildPhases = (
				D329F78E2AFAC7E3005FF975 /* Sources */,
				D329F78F2AFAC7E3005FF975 /* Frameworks */,
				D329F7902AFAC7E3005FF975 /* Resources */,
			);
			buildRules = (
			);
			dependencies = (
			);
			name = tfl;
			productName = tfl;
			productReference = D329F7922AFAC7E3005FF975 /* tfl.app */;
			productType = "com.apple.product-type.application";
		};
		D329F7A12AFAC7E5005FF975 /* tflTests */ = {
			isa = PBXNativeTarget;
			buildConfigurationList = D329F7B92AFAC7E5005FF975 /* Build configuration list for PBXNativeTarget "tflTests" */;
			buildPhases = (
				D329F79E2AFAC7E5005FF975 /* Sources */,
				D329F79F2AFAC7E5005FF975 /* Frameworks */,
				D329F7A02AFAC7E5005FF975 /* Resources */,
			);
			buildRules = (
			);
			dependencies = (
				D329F7A42AFAC7E5005FF975 /* PBXTargetDependency */,
			);
			name = tflTests;
			productName = tflTests;
			productReference = D329F7A22AFAC7E5005FF975 /* tflTests.xctest */;
			productType = "com.apple.product-type.bundle.unit-test";
		};
		D329F7AB2AFAC7E5005FF975 /* tflUITests */ = {
			isa = PBXNativeTarget;
			buildConfigurationList = D329F7BC2AFAC7E5005FF975 /* Build configuration list for PBXNativeTarget "tflUITests" */;
			buildPhases = (
				D329F7A82AFAC7E5005FF975 /* Sources */,
				D329F7A92AFAC7E5005FF975 /* Frameworks */,
				D329F7AA2AFAC7E5005FF975 /* Resources */,
			);
			buildRules = (
			);
			dependencies = (
				D329F7AE2AFAC7E5005FF975 /* PBXTargetDependency */,
			);
			name = tflUITests;
			productName = tflUITests;
			productReference = D329F7AC2AFAC7E5005FF975 /* tflUITests.xctest */;
			productType = "com.apple.product-type.bundle.ui-testing";
		};
/* End PBXNativeTarget section */

/* Begin PBXProject section */
		D329F78A2AFAC7E3005FF975 /* Project object */ = {
			isa = PBXProject;
			attributes = {
				BuildIndependentTargetsInParallel = 1;
				LastSwiftUpdateCheck = 1430;
				LastUpgradeCheck = 1430;
				TargetAttributes = {
					D329F7912AFAC7E3005FF975 = {
						CreatedOnToolsVersion = 14.3.1;
					};
					D329F7A12AFAC7E5005FF975 = {
						CreatedOnToolsVersion = 14.3.1;
						TestTargetID = D329F7912AFAC7E3005FF975;
					};
					D329F7AB2AFAC7E5005FF975 = {
						CreatedOnToolsVersion = 14.3.1;
						TestTargetID = D329F7912AFAC7E3005FF975;
					};
				};
			};
			buildConfigurationList = D329F78D2AFAC7E3005FF975 /* Build configuration list for PBXProject "tfl" */;
			compatibilityVersion = "Xcode 14.0";
			developmentRegion = en;
			hasScannedForEncodings = 0;
			knownRegions = (
				en,
				Base,
			);
			mainGroup = D329F7892AFAC7E3005FF975;
			productRefGroup = D329F7932AFAC7E3005FF975 /* Products */;
			projectDirPath = "";
			projectRoot = "";
			targets = (
				D329F7912AFAC7E3005FF975 /* tfl */,
				D329F7A12AFAC7E5005FF975 /* tflTests */,
				D329F7AB2AFAC7E5005FF975 /* tflUITests */,
			);
		};
/* End PBXProject section */

/* Begin PBXResourcesBuildPhase section */
		D329F7902AFAC7E3005FF975 /* Resources */ = {
			isa = PBXResourcesBuildPhase;
			buildActionMask = 2147483647;
			files = (
				D329F7D72AFE7C7D005FF975 /* Disruption.json in Resources */,
				D329F7D92AFE7C7E005FF975 /* GoodService.json in Resources */,
				D390CE732B00F3F500A8EFEE /* README.md in Resources */,
				D329F79D2AFAC7E5005FF975 /* Preview Assets.xcassets in Resources */,
				D329F79A2AFAC7E5005FF975 /* Assets.xcassets in Resources */,
			);
			runOnlyForDeploymentPostprocessing = 0;
		};
		D329F7A02AFAC7E5005FF975 /* Resources */ = {
			isa = PBXResourcesBuildPhase;
			buildActionMask = 2147483647;
			files = (
				D329F7D82AFE7C7E005FF975 /* Disruption.json in Resources */,
				D329F7DA2AFE7C7E005FF975 /* GoodService.json in Resources */,
			);
			runOnlyForDeploymentPostprocessing = 0;
		};
		D329F7AA2AFAC7E5005FF975 /* Resources */ = {
			isa = PBXResourcesBuildPhase;
			buildActionMask = 2147483647;
			files = (
			);
			runOnlyForDeploymentPostprocessing = 0;
		};
/* End PBXResourcesBuildPhase section */

/* Begin PBXSourcesBuildPhase section */
		D329F78E2AFAC7E3005FF975 /* Sources */ = {
			isa = PBXSourcesBuildPhase;
			buildActionMask = 2147483647;
			files = (
				D329F7D12AFC466D005FF975 /* TubeRow.swift in Sources */,
				D329F7C12AFAC8DF005FF975 /* TubeViewModel.swift in Sources */,
				D329F7CC2AFC3E89005FF975 /* Color.swift in Sources */,
				D329F7D32AFD3469005FF975 /* String.swift in Sources */,
				D329F7C32AFAEEAB005FF975 /* TubeLine.swift in Sources */,
				D329F7CF2AFC463A005FF975 /* TubeList.swift in Sources */,
				D329F7982AFAC7E3005FF975 /* ContentView.swift in Sources */,
				D325955C2B004FC800A8E774 /* APICredentials.swift in Sources */,
				D329F7C62AFBC93D005FF975 /* APIClient.swift in Sources */,
				D329F7962AFAC7E3005FF975 /* tflApp.swift in Sources */,
			);
			runOnlyForDeploymentPostprocessing = 0;
		};
		D329F79E2AFAC7E5005FF975 /* Sources */ = {
			isa = PBXSourcesBuildPhase;
			buildActionMask = 2147483647;
			files = (
				D329F7C92AFBF924005FF975 /* APIClientTests.swift in Sources */,
				D329F7A72AFAC7E5005FF975 /* tflTests.swift in Sources */,
				D329F7C72AFBC93D005FF975 /* APIClient.swift in Sources */,
				D325955D2B004FC800A8E774 /* APICredentials.swift in Sources */,
			);
			runOnlyForDeploymentPostprocessing = 0;
		};
		D329F7A82AFAC7E5005FF975 /* Sources */ = {
			isa = PBXSourcesBuildPhase;
			buildActionMask = 2147483647;
			files = (
				D325955E2B004FC800A8E774 /* APICredentials.swift in Sources */,
				D329F7B32AFAC7E5005FF975 /* UITests.swift in Sources */,
			);
			runOnlyForDeploymentPostprocessing = 0;
		};
/* End PBXSourcesBuildPhase section */

/* Begin PBXTargetDependency section */
		D329F7A42AFAC7E5005FF975 /* PBXTargetDependency */ = {
			isa = PBXTargetDependency;
			target = D329F7912AFAC7E3005FF975 /* tfl */;
			targetProxy = D329F7A32AFAC7E5005FF975 /* PBXContainerItemProxy */;
		};
		D329F7AE2AFAC7E5005FF975 /* PBXTargetDependency */ = {
			isa = PBXTargetDependency;
			target = D329F7912AFAC7E3005FF975 /* tfl */;
			targetProxy = D329F7AD2AFAC7E5005FF975 /* PBXContainerItemProxy */;
		};
/* End PBXTargetDependency section */

/* Begin XCBuildConfiguration section */
		D329F7B42AFAC7E5005FF975 /* Debug */ = {
			isa = XCBuildConfiguration;
			buildSettings = {
				ALWAYS_SEARCH_USER_PATHS = NO;
				CLANG_ANALYZER_NONNULL = YES;
				CLANG_ANALYZER_NUMBER_OBJECT_CONVERSION = YES_AGGRESSIVE;
				CLANG_CXX_LANGUAGE_STANDARD = "gnu++20";
				CLANG_ENABLE_MODULES = YES;
				CLANG_ENABLE_OBJC_ARC = YES;
				CLANG_ENABLE_OBJC_WEAK = YES;
				CLANG_WARN_BLOCK_CAPTURE_AUTORELEASING = YES;
				CLANG_WARN_BOOL_CONVERSION = YES;
				CLANG_WARN_COMMA = YES;
				CLANG_WARN_CONSTANT_CONVERSION = YES;
				CLANG_WARN_DEPRECATED_OBJC_IMPLEMENTATIONS = YES;
				CLANG_WARN_DIRECT_OBJC_ISA_USAGE = YES_ERROR;
				CLANG_WARN_DOCUMENTATION_COMMENTS = YES;
				CLANG_WARN_EMPTY_BODY = YES;
				CLANG_WARN_ENUM_CONVERSION = YES;
				CLANG_WARN_INFINITE_RECURSION = YES;
				CLANG_WARN_INT_CONVERSION = YES;
				CLANG_WARN_NON_LITERAL_NULL_CONVERSION = YES;
				CLANG_WARN_OBJC_IMPLICIT_RETAIN_SELF = YES;
				CLANG_WARN_OBJC_LITERAL_CONVERSION = YES;
				CLANG_WARN_OBJC_ROOT_CLASS = YES_ERROR;
				CLANG_WARN_QUOTED_INCLUDE_IN_FRAMEWORK_HEADER = YES;
				CLANG_WARN_RANGE_LOOP_ANALYSIS = YES;
				CLANG_WARN_STRICT_PROTOTYPES = YES;
				CLANG_WARN_SUSPICIOUS_MOVE = YES;
				CLANG_WARN_UNGUARDED_AVAILABILITY = YES_AGGRESSIVE;
				CLANG_WARN_UNREACHABLE_CODE = YES;
				CLANG_WARN__DUPLICATE_METHOD_MATCH = YES;
				COPY_PHASE_STRIP = NO;
				DEBUG_INFORMATION_FORMAT = dwarf;
				ENABLE_STRICT_OBJC_MSGSEND = YES;
				ENABLE_TESTABILITY = YES;
				GCC_C_LANGUAGE_STANDARD = gnu11;
				GCC_DYNAMIC_NO_PIC = NO;
				GCC_NO_COMMON_BLOCKS = YES;
				GCC_OPTIMIZATION_LEVEL = 0;
				GCC_PREPROCESSOR_DEFINITIONS = (
					"DEBUG=1",
					"$(inherited)",
				);
				GCC_WARN_64_TO_32_BIT_CONVERSION = YES;
				GCC_WARN_ABOUT_RETURN_TYPE = YES_ERROR;
				GCC_WARN_UNDECLARED_SELECTOR = YES;
				GCC_WARN_UNINITIALIZED_AUTOS = YES_AGGRESSIVE;
				GCC_WARN_UNUSED_FUNCTION = YES;
				GCC_WARN_UNUSED_VARIABLE = YES;
				IPHONEOS_DEPLOYMENT_TARGET = 16.4;
				MTL_ENABLE_DEBUG_INFO = INCLUDE_SOURCE;
				MTL_FAST_MATH = YES;
				ONLY_ACTIVE_ARCH = YES;
				SDKROOT = iphoneos;
				SWIFT_ACTIVE_COMPILATION_CONDITIONS = DEBUG;
				SWIFT_OPTIMIZATION_LEVEL = "-Onone";
			};
			name = Debug;
		};
		D329F7B52AFAC7E5005FF975 /* Release */ = {
			isa = XCBuildConfiguration;
			buildSettings = {
				ALWAYS_SEARCH_USER_PATHS = NO;
				CLANG_ANALYZER_NONNULL = YES;
				CLANG_ANALYZER_NUMBER_OBJECT_CONVERSION = YES_AGGRESSIVE;
				CLANG_CXX_LANGUAGE_STANDARD = "gnu++20";
				CLANG_ENABLE_MODULES = YES;
				CLANG_ENABLE_OBJC_ARC = YES;
				CLANG_ENABLE_OBJC_WEAK = YES;
				CLANG_WARN_BLOCK_CAPTURE_AUTORELEASING = YES;
				CLANG_WARN_BOOL_CONVERSION = YES;
				CLANG_WARN_COMMA = YES;
				CLANG_WARN_CONSTANT_CONVERSION = YES;
				CLANG_WARN_DEPRECATED_OBJC_IMPLEMENTATIONS = YES;
				CLANG_WARN_DIRECT_OBJC_ISA_USAGE = YES_ERROR;
				CLANG_WARN_DOCUMENTATION_COMMENTS = YES;
				CLANG_WARN_EMPTY_BODY = YES;
				CLANG_WARN_ENUM_CONVERSION = YES;
				CLANG_WARN_INFINITE_RECURSION = YES;
				CLANG_WARN_INT_CONVERSION = YES;
				CLANG_WARN_NON_LITERAL_NULL_CONVERSION = YES;
				CLANG_WARN_OBJC_IMPLICIT_RETAIN_SELF = YES;
				CLANG_WARN_OBJC_LITERAL_CONVERSION = YES;
				CLANG_WARN_OBJC_ROOT_CLASS = YES_ERROR;
				CLANG_WARN_QUOTED_INCLUDE_IN_FRAMEWORK_HEADER = YES;
				CLANG_WARN_RANGE_LOOP_ANALYSIS = YES;
				CLANG_WARN_STRICT_PROTOTYPES = YES;
				CLANG_WARN_SUSPICIOUS_MOVE = YES;
				CLANG_WARN_UNGUARDED_AVAILABILITY = YES_AGGRESSIVE;
				CLANG_WARN_UNREACHABLE_CODE = YES;
				CLANG_WARN__DUPLICATE_METHOD_MATCH = YES;
				COPY_PHASE_STRIP = NO;
				DEBUG_INFORMATION_FORMAT = "dwarf-with-dsym";
				ENABLE_NS_ASSERTIONS = NO;
				ENABLE_STRICT_OBJC_MSGSEND = YES;
				GCC_C_LANGUAGE_STANDARD = gnu11;
				GCC_NO_COMMON_BLOCKS = YES;
				GCC_WARN_64_TO_32_BIT_CONVERSION = YES;
				GCC_WARN_ABOUT_RETURN_TYPE = YES_ERROR;
				GCC_WARN_UNDECLARED_SELECTOR = YES;
				GCC_WARN_UNINITIALIZED_AUTOS = YES_AGGRESSIVE;
				GCC_WARN_UNUSED_FUNCTION = YES;
				GCC_WARN_UNUSED_VARIABLE = YES;
				IPHONEOS_DEPLOYMENT_TARGET = 16.4;
				MTL_ENABLE_DEBUG_INFO = NO;
				MTL_FAST_MATH = YES;
				SDKROOT = iphoneos;
				SWIFT_COMPILATION_MODE = wholemodule;
				SWIFT_OPTIMIZATION_LEVEL = "-O";
				VALIDATE_PRODUCT = YES;
			};
			name = Release;
		};
		D329F7B72AFAC7E5005FF975 /* Debug */ = {
			isa = XCBuildConfiguration;
			buildSettings = {
				ASSETCATALOG_COMPILER_APPICON_NAME = AppIcon;
				ASSETCATALOG_COMPILER_GLOBAL_ACCENT_COLOR_NAME = AccentColor;
				CODE_SIGN_STYLE = Automatic;
				CURRENT_PROJECT_VERSION = 1;
				DEVELOPMENT_ASSET_PATHS = "\"tfl/Preview Content\"";
				ENABLE_PREVIEWS = YES;
				GENERATE_INFOPLIST_FILE = YES;
				INFOPLIST_KEY_UIApplicationSceneManifest_Generation = YES;
				INFOPLIST_KEY_UIApplicationSupportsIndirectInputEvents = YES;
				INFOPLIST_KEY_UILaunchScreen_Generation = YES;
				INFOPLIST_KEY_UISupportedInterfaceOrientations_iPad = "UIInterfaceOrientationPortrait UIInterfaceOrientationPortraitUpsideDown UIInterfaceOrientationLandscapeLeft UIInterfaceOrientationLandscapeRight";
				INFOPLIST_KEY_UISupportedInterfaceOrientations_iPhone = "UIInterfaceOrientationPortrait UIInterfaceOrientationLandscapeLeft UIInterfaceOrientationLandscapeRight";
				LD_RUNPATH_SEARCH_PATHS = (
					"$(inherited)",
					"@executable_path/Frameworks",
				);
				MARKETING_VERSION = 1.0;
				PRODUCT_BUNDLE_IDENTIFIER = com.brianhalpin.tfl;
				PRODUCT_NAME = "$(TARGET_NAME)";
				SWIFT_EMIT_LOC_STRINGS = YES;
				SWIFT_VERSION = 5.0;
				TARGETED_DEVICE_FAMILY = "1,2";
			};
			name = Debug;
		};
		D329F7B82AFAC7E5005FF975 /* Release */ = {
			isa = XCBuildConfiguration;
			buildSettings = {
				ASSETCATALOG_COMPILER_APPICON_NAME = AppIcon;
				ASSETCATALOG_COMPILER_GLOBAL_ACCENT_COLOR_NAME = AccentColor;
				CODE_SIGN_STYLE = Automatic;
				CURRENT_PROJECT_VERSION = 1;
				DEVELOPMENT_ASSET_PATHS = "\"tfl/Preview Content\"";
				ENABLE_PREVIEWS = YES;
				GENERATE_INFOPLIST_FILE = YES;
				INFOPLIST_KEY_UIApplicationSceneManifest_Generation = YES;
				INFOPLIST_KEY_UIApplicationSupportsIndirectInputEvents = YES;
				INFOPLIST_KEY_UILaunchScreen_Generation = YES;
				INFOPLIST_KEY_UISupportedInterfaceOrientations_iPad = "UIInterfaceOrientationPortrait UIInterfaceOrientationPortraitUpsideDown UIInterfaceOrientationLandscapeLeft UIInterfaceOrientationLandscapeRight";
				INFOPLIST_KEY_UISupportedInterfaceOrientations_iPhone = "UIInterfaceOrientationPortrait UIInterfaceOrientationLandscapeLeft UIInterfaceOrientationLandscapeRight";
				LD_RUNPATH_SEARCH_PATHS = (
					"$(inherited)",
					"@executable_path/Frameworks",
				);
				MARKETING_VERSION = 1.0;
				PRODUCT_BUNDLE_IDENTIFIER = com.brianhalpin.tfl;
				PRODUCT_NAME = "$(TARGET_NAME)";
				SWIFT_EMIT_LOC_STRINGS = YES;
				SWIFT_VERSION = 5.0;
				TARGETED_DEVICE_FAMILY = "1,2";
			};
			name = Release;
		};
		D329F7BA2AFAC7E5005FF975 /* Debug */ = {
			isa = XCBuildConfiguration;
			buildSettings = {
				ALWAYS_EMBED_SWIFT_STANDARD_LIBRARIES = YES;
				BUNDLE_LOADER = "$(TEST_HOST)";
				CODE_SIGN_STYLE = Automatic;
				CURRENT_PROJECT_VERSION = 1;
				GENERATE_INFOPLIST_FILE = YES;
				IPHONEOS_DEPLOYMENT_TARGET = 16.4;
				MARKETING_VERSION = 1.0;
				PRODUCT_BUNDLE_IDENTIFIER = com.brianhalpin.tflTests;
				PRODUCT_NAME = "$(TARGET_NAME)";
				SWIFT_EMIT_LOC_STRINGS = NO;
				SWIFT_VERSION = 5.0;
				TARGETED_DEVICE_FAMILY = "1,2";
				TEST_HOST = "$(BUILT_PRODUCTS_DIR)/tfl.app/$(BUNDLE_EXECUTABLE_FOLDER_PATH)/tfl";
			};
			name = Debug;
		};
		D329F7BB2AFAC7E5005FF975 /* Release */ = {
			isa = XCBuildConfiguration;
			buildSettings = {
				ALWAYS_EMBED_SWIFT_STANDARD_LIBRARIES = YES;
				BUNDLE_LOADER = "$(TEST_HOST)";
				CODE_SIGN_STYLE = Automatic;
				CURRENT_PROJECT_VERSION = 1;
				GENERATE_INFOPLIST_FILE = YES;
				IPHONEOS_DEPLOYMENT_TARGET = 16.4;
				MARKETING_VERSION = 1.0;
				PRODUCT_BUNDLE_IDENTIFIER = com.brianhalpin.tflTests;
				PRODUCT_NAME = "$(TARGET_NAME)";
				SWIFT_EMIT_LOC_STRINGS = NO;
				SWIFT_VERSION = 5.0;
				TARGETED_DEVICE_FAMILY = "1,2";
				TEST_HOST = "$(BUILT_PRODUCTS_DIR)/tfl.app/$(BUNDLE_EXECUTABLE_FOLDER_PATH)/tfl";
			};
			name = Release;
		};
		D329F7BD2AFAC7E5005FF975 /* Debug */ = {
			isa = XCBuildConfiguration;
			buildSettings = {
				ALWAYS_EMBED_SWIFT_STANDARD_LIBRARIES = YES;
				CODE_SIGN_STYLE = Automatic;
				CURRENT_PROJECT_VERSION = 1;
				GENERATE_INFOPLIST_FILE = YES;
				MARKETING_VERSION = 1.0;
				PRODUCT_BUNDLE_IDENTIFIER = com.brianhalpin.tflUITests;
				PRODUCT_NAME = "$(TARGET_NAME)";
				SWIFT_EMIT_LOC_STRINGS = NO;
				SWIFT_VERSION = 5.0;
				TARGETED_DEVICE_FAMILY = "1,2";
				TEST_TARGET_NAME = tfl;
			};
			name = Debug;
		};
		D329F7BE2AFAC7E5005FF975 /* Release */ = {
			isa = XCBuildConfiguration;
			buildSettings = {
				ALWAYS_EMBED_SWIFT_STANDARD_LIBRARIES = YES;
				CODE_SIGN_STYLE = Automatic;
				CURRENT_PROJECT_VERSION = 1;
				GENERATE_INFOPLIST_FILE = YES;
				MARKETING_VERSION = 1.0;
				PRODUCT_BUNDLE_IDENTIFIER = com.brianhalpin.tflUITests;
				PRODUCT_NAME = "$(TARGET_NAME)";
				SWIFT_EMIT_LOC_STRINGS = NO;
				SWIFT_VERSION = 5.0;
				TARGETED_DEVICE_FAMILY = "1,2";
				TEST_TARGET_NAME = tfl;
			};
			name = Release;
		};
/* End XCBuildConfiguration section */

/* Begin XCConfigurationList section */
		D329F78D2AFAC7E3005FF975 /* Build configuration list for PBXProject "tfl" */ = {
			isa = XCConfigurationList;
			buildConfigurations = (
				D329F7B42AFAC7E5005FF975 /* Debug */,
				D329F7B52AFAC7E5005FF975 /* Release */,
			);
			defaultConfigurationIsVisible = 0;
			defaultConfigurationName = Release;
		};
		D329F7B62AFAC7E5005FF975 /* Build configuration list for PBXNativeTarget "tfl" */ = {
			isa = XCConfigurationList;
			buildConfigurations = (
				D329F7B72AFAC7E5005FF975 /* Debug */,
				D329F7B82AFAC7E5005FF975 /* Release */,
			);
			defaultConfigurationIsVisible = 0;
			defaultConfigurationName = Release;
		};
		D329F7B92AFAC7E5005FF975 /* Build configuration list for PBXNativeTarget "tflTests" */ = {
			isa = XCConfigurationList;
			buildConfigurations = (
				D329F7BA2AFAC7E5005FF975 /* Debug */,
				D329F7BB2AFAC7E5005FF975 /* Release */,
			);
			defaultConfigurationIsVisible = 0;
			defaultConfigurationName = Release;
		};
		D329F7BC2AFAC7E5005FF975 /* Build configuration list for PBXNativeTarget "tflUITests" */ = {
			isa = XCConfigurationList;
			buildConfigurations = (
				D329F7BD2AFAC7E5005FF975 /* Debug */,
				D329F7BE2AFAC7E5005FF975 /* Release */,
			);
			defaultConfigurationIsVisible = 0;
			defaultConfigurationName = Release;
		};
/* End XCConfigurationList section */
	};
	rootObject = D329F78A2AFAC7E3005FF975 /* Project object */;
}
